
Microsoft Visual Studio Solution File, Format Version 12.00
# Visual Studio Version 16
VisualStudioVersion = 16.0.30225.117
MinimumVisualStudioVersion = 10.0.40219.1
Project("{FAE04EC0-301F-11D3-BF4B-00C04F79EFBC}") = "ConsoleApp1", "ConsoleApp1\ConsoleApp1.csproj", "{275FBFA3-961E-42C7-8555-5220EC541D5F}"
EndProject
Project("{FAE04EC0-301F-11D3-BF4B-00C04F79EFBC}") = "WpfApp1", "WpfApp1\WpfApp1.csproj", "{58631885-2C4B-4C92-B8F6-8AE7E813695F}"
EndProject
Project("{FAE04EC0-301F-11D3-BF4B-00C04F79EFBC}") = "DisconnectedMode", "DisconnectedMode\DisconnectedMode.csproj", "{132ED0BA-4AE8-4FC0-8AE6-131E013328DA}"
EndProject
Project("{FAE04EC0-301F-11D3-BF4B-00C04F79EFBC}") = "FactoriesWpf", "FactoriesWpf\FactoriesWpf.csproj", "{CB38D09A-3DC3-4D0E-BCB1-2F04348DFF65}"
EndProject
Project("{FAE04EC0-301F-11D3-BF4B-00C04F79EFBC}") = "ClientsApp.Wpf", "ClientsApp.Wpf\ClientsApp.Wpf.csproj", "{E0D557E3-383D-47C7-A0B4-23C924BB98E2}"
EndProject
Global
	GlobalSection(SolutionConfigurationPlatforms) = preSolution
		Debug|Any CPU = Debug|Any CPU
		Release|Any CPU = Release|Any CPU
	EndGlobalSection
	GlobalSection(ProjectConfigurationPlatforms) = postSolution
		{275FBFA3-961E-42C7-8555-5220EC541D5F}.Debug|Any CPU.ActiveCfg = Debug|Any CPU
		{275FBFA3-961E-42C7-8555-5220EC541D5F}.Debug|Any CPU.Build.0 = Debug|Any CPU
		{275FBFA3-961E-42C7-8555-5220EC541D5F}.Release|Any CPU.ActiveCfg = Release|Any CPU
		{275FBFA3-961E-42C7-8555-5220EC541D5F}.Release|Any CPU.Build.0 = Release|Any CPU
		{58631885-2C4B-4C92-B8F6-8AE7E813695F}.Debug|Any CPU.ActiveCfg = Debug|Any CPU
		{58631885-2C4B-4C92-B8F6-8AE7E813695F}.Debug|Any CPU.Build.0 = Debug|Any CPU
		{58631885-2C4B-4C92-B8F6-8AE7E813695F}.Release|Any CPU.ActiveCfg = Release|Any CPU
		{58631885-2C4B-4C92-B8F6-8AE7E813695F}.Release|Any CPU.Build.0 = Release|Any CPU
		{132ED0BA-4AE8-4FC0-8AE6-131E013328DA}.Debug|Any CPU.ActiveCfg = Debug|Any CPU
		{132ED0BA-4AE8-4FC0-8AE6-131E013328DA}.Debug|Any CPU.Build.0 = Debug|Any CPU
		{132ED0BA-4AE8-4FC0-8AE6-131E013328DA}.Release|Any CPU.ActiveCfg = Release|Any CPU
		{132ED0BA-4AE8-4FC0-8AE6-131E013328DA}.Release|Any CPU.Build.0 = Release|Any CPU
		{CB38D09A-3DC3-4D0E-BCB1-2F04348DFF65}.Debug|Any CPU.ActiveCfg = Debug|Any CPU
		{CB38D09A-3DC3-4D0E-BCB1-2F04348DFF65}.Debug|Any CPU.Build.0 = Debug|Any CPU
		{CB38D09A-3DC3-4D0E-BCB1-2F04348DFF65}.Release|Any CPU.ActiveCfg = Release|Any CPU
		{CB38D09A-3DC3-4D0E-BCB1-2F04348DFF65}.Release|Any CPU.Build.0 = Release|Any CPU
		{E0D557E3-383D-47C7-A0B4-23C924BB98E2}.Debug|Any CPU.ActiveCfg = Debug|Any CPU
		{E0D557E3-383D-47C7-A0B4-23C924BB98E2}.Debug|Any CPU.Build.0 = Debug|Any CPU
		{E0D557E3-383D-47C7-A0B4-23C924BB98E2}.Release|Any CPU.ActiveCfg = Release|Any CPU
		{E0D557E3-383D-47C7-A0B4-23C924BB98E2}.Release|Any CPU.Build.0 = Release|Any CPU
	EndGlobalSection
	GlobalSection(SolutionProperties) = preSolution
		HideSolutionNode = FALSE
	EndGlobalSection
	GlobalSection(ExtensibilityGlobals) = postSolution
		SolutionGuid = {64AFC330-D9B6-4FDF-B466-D57F05F6217E}
	EndGlobalSection
EndGlobal
